
Microsoft Visual Studio Solution File, Format Version 12.00
# Visual Studio 15
VisualStudioVersion = 15.0.27428.2005
MinimumVisualStudioVersion = 10.0.40219.1
Project("{FAE04EC0-301F-11D3-BF4B-00C04F79EFBC}") = "Database", "Database\Database.csproj", "{B7099981-4223-42DA-8974-9F95A30B76AA}"
EndProject
Project("{9A19103F-16F7-4668-BE54-9A1E7A4F7556}") = "Api", "Api\Api.csproj", "{FCACA511-E2DF-4658-9D06-F1D2D4E71703}"
EndProject
Project("{9A19103F-16F7-4668-BE54-9A1E7A4F7556}") = "Dal", "Dal\Dal.csproj", "{80CAC463-B2C5-4FDB-9919-D404BEA4DE56}"
EndProject
Project("{9A19103F-16F7-4668-BE54-9A1E7A4F7556}") = "Bll", "Bll\Bll.csproj", "{AEF77DC2-B5F3-41D2-B67F-49730E684587}"
EndProject
Project("{9A19103F-16F7-4668-BE54-9A1E7A4F7556}") = "Helpers", "Helpers\Helpers.csproj", "{BA938FEB-BC99-4C91-9720-283D16CC9214}"
EndProject
Project("{FAE04EC0-301F-11D3-BF4B-00C04F79EFBC}") = "Uil", "Uil\Uil.csproj", "{B25E4BC7-336F-4146-9973-B9A4EB521482}"
EndProject
Global
	GlobalSection(SolutionConfigurationPlatforms) = preSolution
		Debug|Any CPU = Debug|Any CPU
		Release|Any CPU = Release|Any CPU
	EndGlobalSection
	GlobalSection(ProjectConfigurationPlatforms) = postSolution
		{B7099981-4223-42DA-8974-9F95A30B76AA}.Debug|Any CPU.ActiveCfg = Debug|Any CPU
		{B7099981-4223-42DA-8974-9F95A30B76AA}.Debug|Any CPU.Build.0 = Debug|Any CPU
		{B7099981-4223-42DA-8974-9F95A30B76AA}.Release|Any CPU.ActiveCfg = Release|Any CPU
		{B7099981-4223-42DA-8974-9F95A30B76AA}.Release|Any CPU.Build.0 = Release|Any CPU
		{FCACA511-E2DF-4658-9D06-F1D2D4E71703}.Debug|Any CPU.ActiveCfg = Debug|Any CPU
		{FCACA511-E2DF-4658-9D06-F1D2D4E71703}.Debug|Any CPU.Build.0 = Debug|Any CPU
		{FCACA511-E2DF-4658-9D06-F1D2D4E71703}.Release|Any CPU.ActiveCfg = Release|Any CPU
		{FCACA511-E2DF-4658-9D06-F1D2D4E71703}.Release|Any CPU.Build.0 = Release|Any CPU
		{80CAC463-B2C5-4FDB-9919-D404BEA4DE56}.Debug|Any CPU.ActiveCfg = Debug|Any CPU
		{80CAC463-B2C5-4FDB-9919-D404BEA4DE56}.Debug|Any CPU.Build.0 = Debug|Any CPU
		{80CAC463-B2C5-4FDB-9919-D404BEA4DE56}.Release|Any CPU.ActiveCfg = Release|Any CPU
		{80CAC463-B2C5-4FDB-9919-D404BEA4DE56}.Release|Any CPU.Build.0 = Release|Any CPU
		{AEF77DC2-B5F3-41D2-B67F-49730E684587}.Debug|Any CPU.ActiveCfg = Debug|Any CPU
		{AEF77DC2-B5F3-41D2-B67F-49730E684587}.Debug|Any CPU.Build.0 = Debug|Any CPU
		{AEF77DC2-B5F3-41D2-B67F-49730E684587}.Release|Any CPU.ActiveCfg = Release|Any CPU
		{AEF77DC2-B5F3-41D2-B67F-49730E684587}.Release|Any CPU.Build.0 = Release|Any CPU
		{BA938FEB-BC99-4C91-9720-283D16CC9214}.Debug|Any CPU.ActiveCfg = Debug|Any CPU
		{BA938FEB-BC99-4C91-9720-283D16CC9214}.Debug|Any CPU.Build.0 = Debug|Any CPU
		{BA938FEB-BC99-4C91-9720-283D16CC9214}.Release|Any CPU.ActiveCfg = Release|Any CPU
		{BA938FEB-BC99-4C91-9720-283D16CC9214}.Release|Any CPU.Build.0 = Release|Any CPU
		{B25E4BC7-336F-4146-9973-B9A4EB521482}.Debug|Any CPU.ActiveCfg = Debug|Any CPU
		{B25E4BC7-336F-4146-9973-B9A4EB521482}.Debug|Any CPU.Build.0 = Debug|Any CPU
		{B25E4BC7-336F-4146-9973-B9A4EB521482}.Release|Any CPU.ActiveCfg = Release|Any CPU
		{B25E4BC7-336F-4146-9973-B9A4EB521482}.Release|Any CPU.Build.0 = Release|Any CPU
	EndGlobalSection
	GlobalSection(SolutionProperties) = preSolution
		HideSolutionNode = FALSE
	EndGlobalSection
	GlobalSection(ExtensibilityGlobals) = postSolution
		SolutionGuid = {9281428E-689E-40BB-919C-FEF81849AAC5}
	EndGlobalSection
EndGlobal
